
Microsoft Visual Studio Solution File, Format Version 12.00
# Visual Studio Version 17
VisualStudioVersion = 17.5.33516.290
MinimumVisualStudioVersion = 10.0.40219.1
Project("{FAE04EC0-301F-11D3-BF4B-00C04F79EFBC}") = "DecisionSupportSystem", "DecisionSupportSystem.csproj", "{6F81BB20-6634-47EA-97A9-A63FC1F0299D}"
EndProject
Global
	GlobalSection(SolutionConfigurationPlatforms) = preSolution
		Debug|Any CPU = Debug|Any CPU
		Release|Any CPU = Release|Any CPU
	EndGlobalSection
	GlobalSection(ProjectConfigurationPlatforms) = postSolution
		{6F81BB20-6634-47EA-97A9-A63FC1F0299D}.Debug|Any CPU.ActiveCfg = Debug|Any CPU
		{6F81BB20-6634-47EA-97A9-A63FC1F0299D}.Debug|Any CPU.Build.0 = Debug|Any CPU
		{6F81BB20-6634-47EA-97A9-A63FC1F0299D}.Release|Any CPU.ActiveCfg = Release|Any CPU
		{6F81BB20-6634-47EA-97A9-A63FC1F0299D}.Release|Any CPU.Build.0 = Release|Any CPU
	EndGlobalSection
	GlobalSection(SolutionProperties) = preSolution
		HideSolutionNode = FALSE
	EndGlobalSection
	GlobalSection(ExtensibilityGlobals) = postSolution
		SolutionGuid = {5EA0C8D6-258A-4272-9B9D-EE4A36605C51}
	EndGlobalSection
EndGlobal
